
Microsoft Visual Studio Solution File, Format Version 12.00
# Visual Studio Version 17
VisualStudioVersion = 17.0.31903.59
MinimumVisualStudioVersion = 10.0.40219.1
Project("{2150E333-8FDC-42A3-9474-1A3956D46DE8}") = "src", "src", "{827E0CD3-B72D-47B6-A68D-7590B98EB39B}"
EndProject
Project("{FAE04EC0-301F-11D3-BF4B-00C04F79EFBC}") = "Focus.Admin", "src\Focus.Admin\Focus.Admin.csproj", "{FC0DF8C0-9FCA-49D9-9BB7-0C636C5B83BB}"
EndProject
Project("{FAE04EC0-301F-11D3-BF4B-00C04F79EFBC}") = "Focus.Application", "src\Focus.Application\Focus.Application.csproj", "{8590A102-3003-4890-ADD0-ADB3D61FF2AC}"
EndProject
Project("{FAE04EC0-301F-11D3-BF4B-00C04F79EFBC}") = "Focus.Domain", "src\Focus.Domain\Focus.Domain.csproj", "{7730054B-1A88-439E-8929-A504D423BEC9}"
EndProject
Project("{FAE04EC0-301F-11D3-BF4B-00C04F79EFBC}") = "Focus.Infrastructure", "src\Focus.Infrastructure\Focus.Infrastructure.csproj", "{2B0339B8-FFB0-47CF-92F3-D04F3CCCA60B}"
EndProject
Project("{FAE04EC0-301F-11D3-BF4B-00C04F79EFBC}") = "Focus.WebAPI", "src\Focus.WebAPI\Focus.WebAPI.csproj", "{0C773221-0BEC-416A-8C3B-723E30FF61B1}"
EndProject
Project("{FAE04EC0-301F-11D3-BF4B-00C04F79EFBC}") = "Focus.IntegrationTests", "tests\Focus.IntegrationTests\Focus.IntegrationTests.csproj", "{A8DBD425-C200-48B2-B129-831BABDBEF29}"
EndProject
Project("{FAE04EC0-301F-11D3-BF4B-00C04F79EFBC}") = "Focus.UnitTests", "tests\Focus.UnitTests\Focus.UnitTests.csproj", "{31FF120D-874A-4D2F-B2B5-44AC7E8DD584}"
EndProject
Global
	GlobalSection(SolutionConfigurationPlatforms) = preSolution
		Debug|Any CPU = Debug|Any CPU
		Debug|x64 = Debug|x64
		Debug|x86 = Debug|x86
		Release|Any CPU = Release|Any CPU
		Release|x64 = Release|x64
		Release|x86 = Release|x86
	EndGlobalSection
	GlobalSection(ProjectConfigurationPlatforms) = postSolution
		{FC0DF8C0-9FCA-49D9-9BB7-0C636C5B83BB}.Debug|Any CPU.ActiveCfg = Debug|Any CPU
		{FC0DF8C0-9FCA-49D9-9BB7-0C636C5B83BB}.Debug|Any CPU.Build.0 = Debug|Any CPU
		{FC0DF8C0-9FCA-49D9-9BB7-0C636C5B83BB}.Debug|x64.ActiveCfg = Debug|Any CPU
		{FC0DF8C0-9FCA-49D9-9BB7-0C636C5B83BB}.Debug|x64.Build.0 = Debug|Any CPU
		{FC0DF8C0-9FCA-49D9-9BB7-0C636C5B83BB}.Debug|x86.ActiveCfg = Debug|Any CPU
		{FC0DF8C0-9FCA-49D9-9BB7-0C636C5B83BB}.Debug|x86.Build.0 = Debug|Any CPU
		{FC0DF8C0-9FCA-49D9-9BB7-0C636C5B83BB}.Release|Any CPU.ActiveCfg = Release|Any CPU
		{FC0DF8C0-9FCA-49D9-9BB7-0C636C5B83BB}.Release|Any CPU.Build.0 = Release|Any CPU
		{FC0DF8C0-9FCA-49D9-9BB7-0C636C5B83BB}.Release|x64.ActiveCfg = Release|Any CPU
		{FC0DF8C0-9FCA-49D9-9BB7-0C636C5B83BB}.Release|x64.Build.0 = Release|Any CPU
		{FC0DF8C0-9FCA-49D9-9BB7-0C636C5B83BB}.Release|x86.ActiveCfg = Release|Any CPU
		{FC0DF8C0-9FCA-49D9-9BB7-0C636C5B83BB}.Release|x86.Build.0 = Release|Any CPU
		{8590A102-3003-4890-ADD0-ADB3D61FF2AC}.Debug|Any CPU.ActiveCfg = Debug|Any CPU
		{8590A102-3003-4890-ADD0-ADB3D61FF2AC}.Debug|Any CPU.Build.0 = Debug|Any CPU
		{8590A102-3003-4890-ADD0-ADB3D61FF2AC}.Debug|x64.ActiveCfg = Debug|Any CPU
		{8590A102-3003-4890-ADD0-ADB3D61FF2AC}.Debug|x64.Build.0 = Debug|Any CPU
		{8590A102-3003-4890-ADD0-ADB3D61FF2AC}.Debug|x86.ActiveCfg = Debug|Any CPU
		{8590A102-3003-4890-ADD0-ADB3D61FF2AC}.Debug|x86.Build.0 = Debug|Any CPU
		{8590A102-3003-4890-ADD0-ADB3D61FF2AC}.Release|Any CPU.ActiveCfg = Release|Any CPU
		{8590A102-3003-4890-ADD0-ADB3D61FF2AC}.Release|Any CPU.Build.0 = Release|Any CPU
		{8590A102-3003-4890-ADD0-ADB3D61FF2AC}.Release|x64.ActiveCfg = Release|Any CPU
		{8590A102-3003-4890-ADD0-ADB3D61FF2AC}.Release|x64.Build.0 = Release|Any CPU
		{8590A102-3003-4890-ADD0-ADB3D61FF2AC}.Release|x86.ActiveCfg = Release|Any CPU
		{8590A102-3003-4890-ADD0-ADB3D61FF2AC}.Release|x86.Build.0 = Release|Any CPU
		{7730054B-1A88-439E-8929-A504D423BEC9}.Debug|Any CPU.ActiveCfg = Debug|Any CPU
		{7730054B-1A88-439E-8929-A504D423BEC9}.Debug|Any CPU.Build.0 = Debug|Any CPU
		{7730054B-1A88-439E-8929-A504D423BEC9}.Debug|x64.ActiveCfg = Debug|Any CPU
		{7730054B-1A88-439E-8929-A504D423BEC9}.Debug|x64.Build.0 = Debug|Any CPU
		{7730054B-1A88-439E-8929-A504D423BEC9}.Debug|x86.ActiveCfg = Debug|Any CPU
		{7730054B-1A88-439E-8929-A504D423BEC9}.Debug|x86.Build.0 = Debug|Any CPU
		{7730054B-1A88-439E-8929-A504D423BEC9}.Release|Any CPU.ActiveCfg = Release|Any CPU
		{7730054B-1A88-439E-8929-A504D423BEC9}.Release|Any CPU.Build.0 = Release|Any CPU
		{7730054B-1A88-439E-8929-A504D423BEC9}.Release|x64.ActiveCfg = Release|Any CPU
		{7730054B-1A88-439E-8929-A504D423BEC9}.Release|x64.Build.0 = Release|Any CPU
		{7730054B-1A88-439E-8929-A504D423BEC9}.Release|x86.ActiveCfg = Release|Any CPU
		{7730054B-1A88-439E-8929-A504D423BEC9}.Release|x86.Build.0 = Release|Any CPU
		{2B0339B8-FFB0-47CF-92F3-D04F3CCCA60B}.Debug|Any CPU.ActiveCfg = Debug|Any CPU
		{2B0339B8-FFB0-47CF-92F3-D04F3CCCA60B}.Debug|Any CPU.Build.0 = Debug|Any CPU
		{2B0339B8-FFB0-47CF-92F3-D04F3CCCA60B}.Debug|x64.ActiveCfg = Debug|Any CPU
		{2B0339B8-FFB0-47CF-92F3-D04F3CCCA60B}.Debug|x64.Build.0 = Debug|Any CPU
		{2B0339B8-FFB0-47CF-92F3-D04F3CCCA60B}.Debug|x86.ActiveCfg = Debug|Any CPU
		{2B0339B8-FFB0-47CF-92F3-D04F3CCCA60B}.Debug|x86.Build.0 = Debug|Any CPU
		{2B0339B8-FFB0-47CF-92F3-D04F3CCCA60B}.Release|Any CPU.ActiveCfg = Release|Any CPU
		{2B0339B8-FFB0-47CF-92F3-D04F3CCCA60B}.Release|Any CPU.Build.0 = Release|Any CPU
		{2B0339B8-FFB0-47CF-92F3-D04F3CCCA60B}.Release|x64.ActiveCfg = Release|Any CPU
		{2B0339B8-FFB0-47CF-92F3-D04F3CCCA60B}.Release|x64.Build.0 = Release|Any CPU
		{2B0339B8-FFB0-47CF-92F3-D04F3CCCA60B}.Release|x86.ActiveCfg = Release|Any CPU
		{2B0339B8-FFB0-47CF-92F3-D04F3CCCA60B}.Release|x86.Build.0 = Release|Any CPU
		{0C773221-0BEC-416A-8C3B-723E30FF61B1}.Debug|Any CPU.ActiveCfg = Debug|Any CPU
		{0C773221-0BEC-416A-8C3B-723E30FF61B1}.Debug|Any CPU.Build.0 = Debug|Any CPU
		{0C773221-0BEC-416A-8C3B-723E30FF61B1}.Debug|x64.ActiveCfg = Debug|Any CPU
		{0C773221-0BEC-416A-8C3B-723E30FF61B1}.Debug|x64.Build.0 = Debug|Any CPU
		{0C773221-0BEC-416A-8C3B-723E30FF61B1}.Debug|x86.ActiveCfg = Debug|Any CPU
		{0C773221-0BEC-416A-8C3B-723E30FF61B1}.Debug|x86.Build.0 = Debug|Any CPU
		{0C773221-0BEC-416A-8C3B-723E30FF61B1}.Release|Any CPU.ActiveCfg = Release|Any CPU
		{0C773221-0BEC-416A-8C3B-723E30FF61B1}.Release|Any CPU.Build.0 = Release|Any CPU
		{0C773221-0BEC-416A-8C3B-723E30FF61B1}.Release|x64.ActiveCfg = Release|Any CPU
		{0C773221-0BEC-416A-8C3B-723E30FF61B1}.Release|x64.Build.0 = Release|Any CPU
		{0C773221-0BEC-416A-8C3B-723E30FF61B1}.Release|x86.ActiveCfg = Release|Any CPU
		{0C773221-0BEC-416A-8C3B-723E30FF61B1}.Release|x86.Build.0 = Release|Any CPU
		{A8DBD425-C200-48B2-B129-831BABDBEF29}.Debug|Any CPU.ActiveCfg = Debug|Any CPU
		{A8DBD425-C200-48B2-B129-831BABDBEF29}.Debug|Any CPU.Build.0 = Debug|Any CPU
		{A8DBD425-C200-48B2-B129-831BABDBEF29}.Debug|x64.ActiveCfg = Debug|Any CPU
		{A8DBD425-C200-48B2-B129-831BABDBEF29}.Debug|x64.Build.0 = Debug|Any CPU
		{A8DBD425-C200-48B2-B129-831BABDBEF29}.Debug|x86.ActiveCfg = Debug|Any CPU
		{A8DBD425-C200-48B2-B129-831BABDBEF29}.Debug|x86.Build.0 = Debug|Any CPU
		{A8DBD425-C200-48B2-B129-831BABDBEF29}.Release|Any CPU.ActiveCfg = Release|Any CPU
		{A8DBD425-C200-48B2-B129-831BABDBEF29}.Release|Any CPU.Build.0 = Release|Any CPU
		{A8DBD425-C200-48B2-B129-831BABDBEF29}.Release|x64.ActiveCfg = Release|Any CPU
		{A8DBD425-C200-48B2-B129-831BABDBEF29}.Release|x64.Build.0 = Release|Any CPU
		{A8DBD425-C200-48B2-B129-831BABDBEF29}.Release|x86.ActiveCfg = Release|Any CPU
		{A8DBD425-C200-48B2-B129-831BABDBEF29}.Release|x86.Build.0 = Release|Any CPU
		{31FF120D-874A-4D2F-B2B5-44AC7E8DD584}.Debug|Any CPU.ActiveCfg = Debug|Any CPU
		{31FF120D-874A-4D2F-B2B5-44AC7E8DD584}.Debug|Any CPU.Build.0 = Debug|Any CPU
		{31FF120D-874A-4D2F-B2B5-44AC7E8DD584}.Debug|x64.ActiveCfg = Debug|Any CPU
		{31FF120D-874A-4D2F-B2B5-44AC7E8DD584}.Debug|x64.Build.0 = Debug|Any CPU
		{31FF120D-874A-4D2F-B2B5-44AC7E8DD584}.Debug|x86.ActiveCfg = Debug|Any CPU
		{31FF120D-874A-4D2F-B2B5-44AC7E8DD584}.Debug|x86.Build.0 = Debug|Any CPU
		{31FF120D-874A-4D2F-B2B5-44AC7E8DD584}.Release|Any CPU.ActiveCfg = Release|Any CPU
		{31FF120D-874A-4D2F-B2B5-44AC7E8DD584}.Release|Any CPU.Build.0 = Release|Any CPU
		{31FF120D-874A-4D2F-B2B5-44AC7E8DD584}.Release|x64.ActiveCfg = Release|Any CPU
		{31FF120D-874A-4D2F-B2B5-44AC7E8DD584}.Release|x64.Build.0 = Release|Any CPU
		{31FF120D-874A-4D2F-B2B5-44AC7E8DD584}.Release|x86.ActiveCfg = Release|Any CPU
		{31FF120D-874A-4D2F-B2B5-44AC7E8DD584}.Release|x86.Build.0 = Release|Any CPU
	EndGlobalSection
	GlobalSection(SolutionProperties) = preSolution
		HideSolutionNode = FALSE
	EndGlobalSection
	GlobalSection(NestedProjects) = preSolution
		{FC0DF8C0-9FCA-49D9-9BB7-0C636C5B83BB} = {827E0CD3-B72D-47B6-A68D-7590B98EB39B}
		{8590A102-3003-4890-ADD0-ADB3D61FF2AC} = {827E0CD3-B72D-47B6-A68D-7590B98EB39B}
		{7730054B-1A88-439E-8929-A504D423BEC9} = {827E0CD3-B72D-47B6-A68D-7590B98EB39B}
		{2B0339B8-FFB0-47CF-92F3-D04F3CCCA60B} = {827E0CD3-B72D-47B6-A68D-7590B98EB39B}
		{0C773221-0BEC-416A-8C3B-723E30FF61B1} = {827E0CD3-B72D-47B6-A68D-7590B98EB39B}
		{A8DBD425-C200-48B2-B129-831BABDBEF29} = {827E0CD3-B72D-47B6-A68D-7590B98EB39B}
		{31FF120D-874A-4D2F-B2B5-44AC7E8DD584} = {827E0CD3-B72D-47B6-A68D-7590B98EB39B}
	EndGlobalSection
EndGlobal
